// !$*UTF8*$!
{
	archiveVersion = 1;
	classes = {
	};
	objectVersion = 50;
	objects = {

/* Begin PBXBuildFile section */
		9788F0BB253BEF9100E33EC9 /* Answer.swift in Sources */ = {isa = PBXBuildFile; fileRef = 9788F0BA253BEF9100E33EC9 /* Answer.swift */; };
		C6A2FC6D2515CAA400132F4F /* AppDelegate.swift in Sources */ = {isa = PBXBuildFile; fileRef = C6A2FC6C2515CAA400132F4F /* AppDelegate.swift */; };
		C6A2FC6F2515CAA400132F4F /* SceneDelegate.swift in Sources */ = {isa = PBXBuildFile; fileRef = C6A2FC6E2515CAA400132F4F /* SceneDelegate.swift */; };
		C6A2FC712515CAA400132F4F /* ViewController.swift in Sources */ = {isa = PBXBuildFile; fileRef = C6A2FC702515CAA400132F4F /* ViewController.swift */; };
		C6A2FC742515CAA400132F4F /* Main.storyboard in Resources */ = {isa = PBXBuildFile; fileRef = C6A2FC722515CAA400132F4F /* Main.storyboard */; };
		C6A2FC762515CAA500132F4F /* Assets.xcassets in Resources */ = {isa = PBXBuildFile; fileRef = C6A2FC752515CAA500132F4F /* Assets.xcassets */; };
		C6A2FC792515CAA500132F4F /* LaunchScreen.storyboard in Resources */ = {isa = PBXBuildFile; fileRef = C6A2FC772515CAA500132F4F /* LaunchScreen.storyboard */; };
		C6A2FC842515CAA500132F4F /* FamilyDiaryTests.swift in Sources */ = {isa = PBXBuildFile; fileRef = C6A2FC832515CAA500132F4F /* FamilyDiaryTests.swift */; };
		C6A2FC8F2515CAA500132F4F /* FamilyDiaryUITests.swift in Sources */ = {isa = PBXBuildFile; fileRef = C6A2FC8E2515CAA500132F4F /* FamilyDiaryUITests.swift */; };
		EB02C6AE2539A471004B839D /* QuestionListTableViewController.swift in Sources */ = {isa = PBXBuildFile; fileRef = EB02C6AD2539A471004B839D /* QuestionListTableViewController.swift */; };
		EB1E10AA254BE9660076E6F0 /* Family.swift in Sources */ = {isa = PBXBuildFile; fileRef = EB1E10A9254BE9660076E6F0 /* Family.swift */; };
		EB2BF5D0254942D400EB55BF /* AnswerTableViewController.swift in Sources */ = {isa = PBXBuildFile; fileRef = EB2BF5CF254942D400EB55BF /* AnswerTableViewController.swift */; };
		EB2BF5D52549430B00EB55BF /* AnswerTableViewCell.swift in Sources */ = {isa = PBXBuildFile; fileRef = EB2BF5D42549430B00EB55BF /* AnswerTableViewCell.swift */; };
		EB544F882539F5E700913722 /* QuestionViewController.swift in Sources */ = {isa = PBXBuildFile; fileRef = EB544F872539F5E700913722 /* QuestionViewController.swift */; };
		EBA335422539865E00A3FB7A /* Question.swift in Sources */ = {isa = PBXBuildFile; fileRef = EBA335412539865E00A3FB7A /* Question.swift */; };
		EBA335462539868000A3FB7A /* User.swift in Sources */ = {isa = PBXBuildFile; fileRef = EBA335452539868000A3FB7A /* User.swift */; };
		EBC4818225453EC50098BF1C /* QuestionTableViewCell.swift in Sources */ = {isa = PBXBuildFile; fileRef = EBC4818125453EC50098BF1C /* QuestionTableViewCell.swift */; };
/* End PBXBuildFile section */

/* Begin PBXContainerItemProxy section */
		C6A2FC802515CAA500132F4F /* PBXContainerItemProxy */ = {
			isa = PBXContainerItemProxy;
			containerPortal = C6A2FC612515CAA400132F4F /* Project object */;
			proxyType = 1;
			remoteGlobalIDString = C6A2FC682515CAA400132F4F;
			remoteInfo = FamilyDiary;
		};
		C6A2FC8B2515CAA500132F4F /* PBXContainerItemProxy */ = {
			isa = PBXContainerItemProxy;
			containerPortal = C6A2FC612515CAA400132F4F /* Project object */;
			proxyType = 1;
			remoteGlobalIDString = C6A2FC682515CAA400132F4F;
			remoteInfo = FamilyDiary;
		};
/* End PBXContainerItemProxy section */

/* Begin PBXFileReference section */
		9788F0BA253BEF9100E33EC9 /* Answer.swift */ = {isa = PBXFileReference; lastKnownFileType = sourcecode.swift; path = Answer.swift; sourceTree = "<group>"; };
		C6A2FC692515CAA400132F4F /* FamilyDiary.app */ = {isa = PBXFileReference; explicitFileType = wrapper.application; includeInIndex = 0; path = FamilyDiary.app; sourceTree = BUILT_PRODUCTS_DIR; };
		C6A2FC6C2515CAA400132F4F /* AppDelegate.swift */ = {isa = PBXFileReference; lastKnownFileType = sourcecode.swift; path = AppDelegate.swift; sourceTree = "<group>"; };
		C6A2FC6E2515CAA400132F4F /* SceneDelegate.swift */ = {isa = PBXFileReference; lastKnownFileType = sourcecode.swift; path = SceneDelegate.swift; sourceTree = "<group>"; };
		C6A2FC702515CAA400132F4F /* ViewController.swift */ = {isa = PBXFileReference; lastKnownFileType = sourcecode.swift; path = ViewController.swift; sourceTree = "<group>"; };
		C6A2FC732515CAA400132F4F /* Base */ = {isa = PBXFileReference; lastKnownFileType = file.storyboard; name = Base; path = Base.lproj/Main.storyboard; sourceTree = "<group>"; };
		C6A2FC752515CAA500132F4F /* Assets.xcassets */ = {isa = PBXFileReference; lastKnownFileType = folder.assetcatalog; path = Assets.xcassets; sourceTree = "<group>"; };
		C6A2FC782515CAA500132F4F /* Base */ = {isa = PBXFileReference; lastKnownFileType = file.storyboard; name = Base; path = Base.lproj/LaunchScreen.storyboard; sourceTree = "<group>"; };
		C6A2FC7A2515CAA500132F4F /* Info.plist */ = {isa = PBXFileReference; lastKnownFileType = text.plist.xml; path = Info.plist; sourceTree = "<group>"; };
		C6A2FC7F2515CAA500132F4F /* FamilyDiaryTests.xctest */ = {isa = PBXFileReference; explicitFileType = wrapper.cfbundle; includeInIndex = 0; path = FamilyDiaryTests.xctest; sourceTree = BUILT_PRODUCTS_DIR; };
		C6A2FC832515CAA500132F4F /* FamilyDiaryTests.swift */ = {isa = PBXFileReference; lastKnownFileType = sourcecode.swift; path = FamilyDiaryTests.swift; sourceTree = "<group>"; };
		C6A2FC852515CAA500132F4F /* Info.plist */ = {isa = PBXFileReference; lastKnownFileType = text.plist.xml; path = Info.plist; sourceTree = "<group>"; };
		C6A2FC8A2515CAA500132F4F /* FamilyDiaryUITests.xctest */ = {isa = PBXFileReference; explicitFileType = wrapper.cfbundle; includeInIndex = 0; path = FamilyDiaryUITests.xctest; sourceTree = BUILT_PRODUCTS_DIR; };
		C6A2FC8E2515CAA500132F4F /* FamilyDiaryUITests.swift */ = {isa = PBXFileReference; lastKnownFileType = sourcecode.swift; path = FamilyDiaryUITests.swift; sourceTree = "<group>"; };
		C6A2FC902515CAA500132F4F /* Info.plist */ = {isa = PBXFileReference; lastKnownFileType = text.plist.xml; path = Info.plist; sourceTree = "<group>"; };
		EB02C6AD2539A471004B839D /* QuestionListTableViewController.swift */ = {isa = PBXFileReference; lastKnownFileType = sourcecode.swift; path = QuestionListTableViewController.swift; sourceTree = "<group>"; };
		EB1E10A9254BE9660076E6F0 /* Family.swift */ = {isa = PBXFileReference; lastKnownFileType = sourcecode.swift; path = Family.swift; sourceTree = "<group>"; };
		EB2BF5CF254942D400EB55BF /* AnswerTableViewController.swift */ = {isa = PBXFileReference; lastKnownFileType = sourcecode.swift; path = AnswerTableViewController.swift; sourceTree = "<group>"; };
		EB2BF5D42549430B00EB55BF /* AnswerTableViewCell.swift */ = {isa = PBXFileReference; lastKnownFileType = sourcecode.swift; path = AnswerTableViewCell.swift; sourceTree = "<group>"; };
		EB544F872539F5E700913722 /* QuestionViewController.swift */ = {isa = PBXFileReference; lastKnownFileType = sourcecode.swift; path = QuestionViewController.swift; sourceTree = "<group>"; };
		EBA335412539865E00A3FB7A /* Question.swift */ = {isa = PBXFileReference; lastKnownFileType = sourcecode.swift; path = Question.swift; sourceTree = "<group>"; };
		EBA335452539868000A3FB7A /* User.swift */ = {isa = PBXFileReference; lastKnownFileType = sourcecode.swift; path = User.swift; sourceTree = "<group>"; };
		EBC4818125453EC50098BF1C /* QuestionTableViewCell.swift */ = {isa = PBXFileReference; lastKnownFileType = sourcecode.swift; path = QuestionTableViewCell.swift; sourceTree = "<group>"; };
/* End PBXFileReference section */

/* Begin PBXFrameworksBuildPhase section */
		C6A2FC662515CAA400132F4F /* Frameworks */ = {
			isa = PBXFrameworksBuildPhase;
			buildActionMask = 2147483647;
			files = (
			);
			runOnlyForDeploymentPostprocessing = 0;
		};
		C6A2FC7C2515CAA500132F4F /* Frameworks */ = {
			isa = PBXFrameworksBuildPhase;
			buildActionMask = 2147483647;
			files = (
			);
			runOnlyForDeploymentPostprocessing = 0;
		};
		C6A2FC872515CAA500132F4F /* Frameworks */ = {
			isa = PBXFrameworksBuildPhase;
			buildActionMask = 2147483647;
			files = (
			);
			runOnlyForDeploymentPostprocessing = 0;
		};
/* End PBXFrameworksBuildPhase section */

/* Begin PBXGroup section */
		B355A8A2251EE7D6003D706A /* Model */ = {
			isa = PBXGroup;
			children = (
				EBA335412539865E00A3FB7A /* Question.swift */,
				EBA335452539868000A3FB7A /* User.swift */,
				9788F0BA253BEF9100E33EC9 /* Answer.swift */,
				EB1E10A9254BE9660076E6F0 /* Family.swift */,
			);
			path = Model;
			sourceTree = "<group>";
		};
		C6A2FC602515CAA400132F4F = {
			isa = PBXGroup;
			children = (
				C6A2FC6B2515CAA400132F4F /* FamilyDiary */,
				C6A2FC822515CAA500132F4F /* FamilyDiaryTests */,
				C6A2FC8D2515CAA500132F4F /* FamilyDiaryUITests */,
				C6A2FC6A2515CAA400132F4F /* Products */,
			);
			sourceTree = "<group>";
		};
		C6A2FC6A2515CAA400132F4F /* Products */ = {
			isa = PBXGroup;
			children = (
				C6A2FC692515CAA400132F4F /* FamilyDiary.app */,
				C6A2FC7F2515CAA500132F4F /* FamilyDiaryTests.xctest */,
				C6A2FC8A2515CAA500132F4F /* FamilyDiaryUITests.xctest */,
			);
			name = Products;
			sourceTree = "<group>";
		};
		C6A2FC6B2515CAA400132F4F /* FamilyDiary */ = {
			isa = PBXGroup;
			children = (
				EB0F813B2541531B00F4C83D /* ViewController */,
				B355A8A2251EE7D6003D706A /* Model */,
				C6A2FC6C2515CAA400132F4F /* AppDelegate.swift */,
				C6A2FC6E2515CAA400132F4F /* SceneDelegate.swift */,
				C6A2FC722515CAA400132F4F /* Main.storyboard */,
				C6A2FC752515CAA500132F4F /* Assets.xcassets */,
				C6A2FC772515CAA500132F4F /* LaunchScreen.storyboard */,
				C6A2FC7A2515CAA500132F4F /* Info.plist */,
			);
			path = FamilyDiary;
			sourceTree = "<group>";
		};
		C6A2FC822515CAA500132F4F /* FamilyDiaryTests */ = {
			isa = PBXGroup;
			children = (
				C6A2FC832515CAA500132F4F /* FamilyDiaryTests.swift */,
				C6A2FC852515CAA500132F4F /* Info.plist */,
			);
			path = FamilyDiaryTests;
			sourceTree = "<group>";
		};
		C6A2FC8D2515CAA500132F4F /* FamilyDiaryUITests */ = {
			isa = PBXGroup;
			children = (
				C6A2FC8E2515CAA500132F4F /* FamilyDiaryUITests.swift */,
				C6A2FC902515CAA500132F4F /* Info.plist */,
			);
			path = FamilyDiaryUITests;
			sourceTree = "<group>";
		};
		EB0F813B2541531B00F4C83D /* ViewController */ = {
			isa = PBXGroup;
			children = (
				C6A2FC702515CAA400132F4F /* ViewController.swift */,
				EB02C6AD2539A471004B839D /* QuestionListTableViewController.swift */,
				EB544F872539F5E700913722 /* QuestionViewController.swift */,
				EBC4818125453EC50098BF1C /* QuestionTableViewCell.swift */,
				EB2BF5CF254942D400EB55BF /* AnswerTableViewController.swift */,
				EB2BF5D42549430B00EB55BF /* AnswerTableViewCell.swift */,
			);
			path = ViewController;
			sourceTree = "<group>";
		};
/* End PBXGroup section */

/* Begin PBXNativeTarget section */
		C6A2FC682515CAA400132F4F /* FamilyDiary */ = {
			isa = PBXNativeTarget;
			buildConfigurationList = C6A2FC932515CAA500132F4F /* Build configuration list for PBXNativeTarget "FamilyDiary" */;
			buildPhases = (
				C6A2FC652515CAA400132F4F /* Sources */,
				C6A2FC662515CAA400132F4F /* Frameworks */,
				C6A2FC672515CAA400132F4F /* Resources */,
			);
			buildRules = (
			);
			dependencies = (
			);
			name = FamilyDiary;
			productName = FamilyDiary;
			productReference = C6A2FC692515CAA400132F4F /* FamilyDiary.app */;
			productType = "com.apple.product-type.application";
		};
		C6A2FC7E2515CAA500132F4F /* FamilyDiaryTests */ = {
			isa = PBXNativeTarget;
			buildConfigurationList = C6A2FC962515CAA500132F4F /* Build configuration list for PBXNativeTarget "FamilyDiaryTests" */;
			buildPhases = (
				C6A2FC7B2515CAA500132F4F /* Sources */,
				C6A2FC7C2515CAA500132F4F /* Frameworks */,
				C6A2FC7D2515CAA500132F4F /* Resources */,
			);
			buildRules = (
			);
			dependencies = (
				C6A2FC812515CAA500132F4F /* PBXTargetDependency */,
			);
			name = FamilyDiaryTests;
			productName = FamilyDiaryTests;
			productReference = C6A2FC7F2515CAA500132F4F /* FamilyDiaryTests.xctest */;
			productType = "com.apple.product-type.bundle.unit-test";
		};
		C6A2FC892515CAA500132F4F /* FamilyDiaryUITests */ = {
			isa = PBXNativeTarget;
			buildConfigurationList = C6A2FC992515CAA500132F4F /* Build configuration list for PBXNativeTarget "FamilyDiaryUITests" */;
			buildPhases = (
				C6A2FC862515CAA500132F4F /* Sources */,
				C6A2FC872515CAA500132F4F /* Frameworks */,
				C6A2FC882515CAA500132F4F /* Resources */,
			);
			buildRules = (
			);
			dependencies = (
				C6A2FC8C2515CAA500132F4F /* PBXTargetDependency */,
			);
			name = FamilyDiaryUITests;
			productName = FamilyDiaryUITests;
			productReference = C6A2FC8A2515CAA500132F4F /* FamilyDiaryUITests.xctest */;
			productType = "com.apple.product-type.bundle.ui-testing";
		};
/* End PBXNativeTarget section */

/* Begin PBXProject section */
		C6A2FC612515CAA400132F4F /* Project object */ = {
			isa = PBXProject;
			attributes = {
				LastSwiftUpdateCheck = 1160;
				LastUpgradeCheck = 1160;
				ORGANIZATIONNAME = "Family Diary";
				TargetAttributes = {
					C6A2FC682515CAA400132F4F = {
						CreatedOnToolsVersion = 11.6;
					};
					C6A2FC7E2515CAA500132F4F = {
						CreatedOnToolsVersion = 11.6;
						TestTargetID = C6A2FC682515CAA400132F4F;
					};
					C6A2FC892515CAA500132F4F = {
						CreatedOnToolsVersion = 11.6;
						TestTargetID = C6A2FC682515CAA400132F4F;
					};
				};
			};
			buildConfigurationList = C6A2FC642515CAA400132F4F /* Build configuration list for PBXProject "FamilyDiary" */;
			compatibilityVersion = "Xcode 9.3";
			developmentRegion = en;
			hasScannedForEncodings = 0;
			knownRegions = (
				en,
				Base,
			);
			mainGroup = C6A2FC602515CAA400132F4F;
			productRefGroup = C6A2FC6A2515CAA400132F4F /* Products */;
			projectDirPath = "";
			projectRoot = "";
			targets = (
				C6A2FC682515CAA400132F4F /* FamilyDiary */,
				C6A2FC7E2515CAA500132F4F /* FamilyDiaryTests */,
				C6A2FC892515CAA500132F4F /* FamilyDiaryUITests */,
			);
		};
/* End PBXProject section */

/* Begin PBXResourcesBuildPhase section */
		C6A2FC672515CAA400132F4F /* Resources */ = {
			isa = PBXResourcesBuildPhase;
			buildActionMask = 2147483647;
			files = (
				C6A2FC792515CAA500132F4F /* LaunchScreen.storyboard in Resources */,
				C6A2FC762515CAA500132F4F /* Assets.xcassets in Resources */,
				C6A2FC742515CAA400132F4F /* Main.storyboard in Resources */,
			);
			runOnlyForDeploymentPostprocessing = 0;
		};
		C6A2FC7D2515CAA500132F4F /* Resources */ = {
			isa = PBXResourcesBuildPhase;
			buildActionMask = 2147483647;
			files = (
			);
			runOnlyForDeploymentPostprocessing = 0;
		};
		C6A2FC882515CAA500132F4F /* Resources */ = {
			isa = PBXResourcesBuildPhase;
			buildActionMask = 2147483647;
			files = (
			);
			runOnlyForDeploymentPostprocessing = 0;
		};
/* End PBXResourcesBuildPhase section */

/* Begin PBXSourcesBuildPhase section */
		C6A2FC652515CAA400132F4F /* Sources */ = {
			isa = PBXSourcesBuildPhase;
			buildActionMask = 2147483647;
			files = (
				EBA335422539865E00A3FB7A /* Question.swift in Sources */,
				EBC4818225453EC50098BF1C /* QuestionTableViewCell.swift in Sources */,
				C6A2FC712515CAA400132F4F /* ViewController.swift in Sources */,
				EB544F882539F5E700913722 /* QuestionViewController.swift in Sources */,
				EBA335462539868000A3FB7A /* User.swift in Sources */,
				EB1E10AA254BE9660076E6F0 /* Family.swift in Sources */,
				C6A2FC6D2515CAA400132F4F /* AppDelegate.swift in Sources */,
				C6A2FC6F2515CAA400132F4F /* SceneDelegate.swift in Sources */,
				EB2BF5D0254942D400EB55BF /* AnswerTableViewController.swift in Sources */,
				EB02C6AE2539A471004B839D /* QuestionListTableViewController.swift in Sources */,
				EB2BF5D52549430B00EB55BF /* AnswerTableViewCell.swift in Sources */,
				9788F0BB253BEF9100E33EC9 /* Answer.swift in Sources */,
			);
			runOnlyForDeploymentPostprocessing = 0;
		};
		C6A2FC7B2515CAA500132F4F /* Sources */ = {
			isa = PBXSourcesBuildPhase;
			buildActionMask = 2147483647;
			files = (
				C6A2FC842515CAA500132F4F /* FamilyDiaryTests.swift in Sources */,
			);
			runOnlyForDeploymentPostprocessing = 0;
		};
		C6A2FC862515CAA500132F4F /* Sources */ = {
			isa = PBXSourcesBuildPhase;
			buildActionMask = 2147483647;
			files = (
				C6A2FC8F2515CAA500132F4F /* FamilyDiaryUITests.swift in Sources */,
			);
			runOnlyForDeploymentPostprocessing = 0;
		};
/* End PBXSourcesBuildPhase section */

/* Begin PBXTargetDependency section */
		C6A2FC812515CAA500132F4F /* PBXTargetDependency */ = {
			isa = PBXTargetDependency;
			target = C6A2FC682515CAA400132F4F /* FamilyDiary */;
			targetProxy = C6A2FC802515CAA500132F4F /* PBXContainerItemProxy */;
		};
		C6A2FC8C2515CAA500132F4F /* PBXTargetDependency */ = {
			isa = PBXTargetDependency;
			target = C6A2FC682515CAA400132F4F /* FamilyDiary */;
			targetProxy = C6A2FC8B2515CAA500132F4F /* PBXContainerItemProxy */;
		};
/* End PBXTargetDependency section */

/* Begin PBXVariantGroup section */
		C6A2FC722515CAA400132F4F /* Main.storyboard */ = {
			isa = PBXVariantGroup;
			children = (
				C6A2FC732515CAA400132F4F /* Base */,
			);
			name = Main.storyboard;
			sourceTree = "<group>";
		};
		C6A2FC772515CAA500132F4F /* LaunchScreen.storyboard */ = {
			isa = PBXVariantGroup;
			children = (
				C6A2FC782515CAA500132F4F /* Base */,
			);
			name = LaunchScreen.storyboard;
			sourceTree = "<group>";
		};
/* End PBXVariantGroup section */

/* Begin XCBuildConfiguration section */
		C6A2FC912515CAA500132F4F /* Debug */ = {
			isa = XCBuildConfiguration;
			buildSettings = {
				ALWAYS_SEARCH_USER_PATHS = NO;
				CLANG_ANALYZER_NONNULL = YES;
				CLANG_ANALYZER_NUMBER_OBJECT_CONVERSION = YES_AGGRESSIVE;
				CLANG_CXX_LANGUAGE_STANDARD = "gnu++14";
				CLANG_CXX_LIBRARY = "libc++";
				CLANG_ENABLE_MODULES = YES;
				CLANG_ENABLE_OBJC_ARC = YES;
				CLANG_ENABLE_OBJC_WEAK = YES;
				CLANG_WARN_BLOCK_CAPTURE_AUTORELEASING = YES;
				CLANG_WARN_BOOL_CONVERSION = YES;
				CLANG_WARN_COMMA = YES;
				CLANG_WARN_CONSTANT_CONVERSION = YES;
				CLANG_WARN_DEPRECATED_OBJC_IMPLEMENTATIONS = YES;
				CLANG_WARN_DIRECT_OBJC_ISA_USAGE = YES_ERROR;
				CLANG_WARN_DOCUMENTATION_COMMENTS = YES;
				CLANG_WARN_EMPTY_BODY = YES;
				CLANG_WARN_ENUM_CONVERSION = YES;
				CLANG_WARN_INFINITE_RECURSION = YES;
				CLANG_WARN_INT_CONVERSION = YES;
				CLANG_WARN_NON_LITERAL_NULL_CONVERSION = YES;
				CLANG_WARN_OBJC_IMPLICIT_RETAIN_SELF = YES;
				CLANG_WARN_OBJC_LITERAL_CONVERSION = YES;
				CLANG_WARN_OBJC_ROOT_CLASS = YES_ERROR;
				CLANG_WARN_RANGE_LOOP_ANALYSIS = YES;
				CLANG_WARN_STRICT_PROTOTYPES = YES;
				CLANG_WARN_SUSPICIOUS_MOVE = YES;
				CLANG_WARN_UNGUARDED_AVAILABILITY = YES_AGGRESSIVE;
				CLANG_WARN_UNREACHABLE_CODE = YES;
				CLANG_WARN__DUPLICATE_METHOD_MATCH = YES;
				COPY_PHASE_STRIP = NO;
				DEBUG_INFORMATION_FORMAT = dwarf;
				ENABLE_STRICT_OBJC_MSGSEND = YES;
				ENABLE_TESTABILITY = YES;
				GCC_C_LANGUAGE_STANDARD = gnu11;
				GCC_DYNAMIC_NO_PIC = NO;
				GCC_NO_COMMON_BLOCKS = YES;
				GCC_OPTIMIZATION_LEVEL = 0;
				GCC_PREPROCESSOR_DEFINITIONS = (
					"DEBUG=1",
					"$(inherited)",
				);
				GCC_WARN_64_TO_32_BIT_CONVERSION = YES;
				GCC_WARN_ABOUT_RETURN_TYPE = YES_ERROR;
				GCC_WARN_UNDECLARED_SELECTOR = YES;
				GCC_WARN_UNINITIALIZED_AUTOS = YES_AGGRESSIVE;
				GCC_WARN_UNUSED_FUNCTION = YES;
				GCC_WARN_UNUSED_VARIABLE = YES;
				IPHONEOS_DEPLOYMENT_TARGET = 13.6;
				MTL_ENABLE_DEBUG_INFO = INCLUDE_SOURCE;
				MTL_FAST_MATH = YES;
				ONLY_ACTIVE_ARCH = YES;
				SDKROOT = iphoneos;
				SWIFT_ACTIVE_COMPILATION_CONDITIONS = DEBUG;
				SWIFT_OPTIMIZATION_LEVEL = "-Onone";
			};
			name = Debug;
		};
		C6A2FC922515CAA500132F4F /* Release */ = {
			isa = XCBuildConfiguration;
			buildSettings = {
				ALWAYS_SEARCH_USER_PATHS = NO;
				CLANG_ANALYZER_NONNULL = YES;
				CLANG_ANALYZER_NUMBER_OBJECT_CONVERSION = YES_AGGRESSIVE;
				CLANG_CXX_LANGUAGE_STANDARD = "gnu++14";
				CLANG_CXX_LIBRARY = "libc++";
				CLANG_ENABLE_MODULES = YES;
				CLANG_ENABLE_OBJC_ARC = YES;
				CLANG_ENABLE_OBJC_WEAK = YES;
				CLANG_WARN_BLOCK_CAPTURE_AUTORELEASING = YES;
				CLANG_WARN_BOOL_CONVERSION = YES;
				CLANG_WARN_COMMA = YES;
				CLANG_WARN_CONSTANT_CONVERSION = YES;
				CLANG_WARN_DEPRECATED_OBJC_IMPLEMENTATIONS = YES;
				CLANG_WARN_DIRECT_OBJC_ISA_USAGE = YES_ERROR;
				CLANG_WARN_DOCUMENTATION_COMMENTS = YES;
				CLANG_WARN_EMPTY_BODY = YES;
				CLANG_WARN_ENUM_CONVERSION = YES;
				CLANG_WARN_INFINITE_RECURSION = YES;
				CLANG_WARN_INT_CONVERSION = YES;
				CLANG_WARN_NON_LITERAL_NULL_CONVERSION = YES;
				CLANG_WARN_OBJC_IMPLICIT_RETAIN_SELF = YES;
				CLANG_WARN_OBJC_LITERAL_CONVERSION = YES;
				CLANG_WARN_OBJC_ROOT_CLASS = YES_ERROR;
				CLANG_WARN_RANGE_LOOP_ANALYSIS = YES;
				CLANG_WARN_STRICT_PROTOTYPES = YES;
				CLANG_WARN_SUSPICIOUS_MOVE = YES;
				CLANG_WARN_UNGUARDED_AVAILABILITY = YES_AGGRESSIVE;
				CLANG_WARN_UNREACHABLE_CODE = YES;
				CLANG_WARN__DUPLICATE_METHOD_MATCH = YES;
				COPY_PHASE_STRIP = NO;
				DEBUG_INFORMATION_FORMAT = "dwarf-with-dsym";
				ENABLE_NS_ASSERTIONS = NO;
				ENABLE_STRICT_OBJC_MSGSEND = YES;
				GCC_C_LANGUAGE_STANDARD = gnu11;
				GCC_NO_COMMON_BLOCKS = YES;
				GCC_WARN_64_TO_32_BIT_CONVERSION = YES;
				GCC_WARN_ABOUT_RETURN_TYPE = YES_ERROR;
				GCC_WARN_UNDECLARED_SELECTOR = YES;
				GCC_WARN_UNINITIALIZED_AUTOS = YES_AGGRESSIVE;
				GCC_WARN_UNUSED_FUNCTION = YES;
				GCC_WARN_UNUSED_VARIABLE = YES;
				IPHONEOS_DEPLOYMENT_TARGET = 13.6;
				MTL_ENABLE_DEBUG_INFO = NO;
				MTL_FAST_MATH = YES;
				SDKROOT = iphoneos;
				SWIFT_COMPILATION_MODE = wholemodule;
				SWIFT_OPTIMIZATION_LEVEL = "-O";
				VALIDATE_PRODUCT = YES;
			};
			name = Release;
		};
		C6A2FC942515CAA500132F4F /* Debug */ = {
			isa = XCBuildConfiguration;
			buildSettings = {
				ASSETCATALOG_COMPILER_APPICON_NAME = AppIcon;
				CODE_SIGN_STYLE = Automatic;
				DEVELOPMENT_TEAM = 4QG3GC35LA;
				INFOPLIST_FILE = FamilyDiary/Info.plist;
				LD_RUNPATH_SEARCH_PATHS = (
					"$(inherited)",
					"@executable_path/Frameworks",
				);
				PRODUCT_BUNDLE_IDENTIFIER = com.sungtae.familydiary;
				PRODUCT_NAME = "$(TARGET_NAME)";
				SWIFT_VERSION = 5.0;
				TARGETED_DEVICE_FAMILY = "1,2";
			};
			name = Debug;
		};
		C6A2FC952515CAA500132F4F /* Release */ = {
			isa = XCBuildConfiguration;
			buildSettings = {
				ASSETCATALOG_COMPILER_APPICON_NAME = AppIcon;
				CODE_SIGN_STYLE = Automatic;
				DEVELOPMENT_TEAM = 4QG3GC35LA;
				INFOPLIST_FILE = FamilyDiary/Info.plist;
				LD_RUNPATH_SEARCH_PATHS = (
					"$(inherited)",
					"@executable_path/Frameworks",
				);
				PRODUCT_BUNDLE_IDENTIFIER = com.sungtae.familydiary;
				PRODUCT_NAME = "$(TARGET_NAME)";
				SWIFT_VERSION = 5.0;
				TARGETED_DEVICE_FAMILY = "1,2";
			};
			name = Release;
		};
		C6A2FC972515CAA500132F4F /* Debug */ = {
			isa = XCBuildConfiguration;
			buildSettings = {
				ALWAYS_EMBED_SWIFT_STANDARD_LIBRARIES = YES;
				BUNDLE_LOADER = "$(TEST_HOST)";
				CODE_SIGN_STYLE = Automatic;
				DEVELOPMENT_TEAM = 2N86B853KH;
				INFOPLIST_FILE = FamilyDiaryTests/Info.plist;
				IPHONEOS_DEPLOYMENT_TARGET = 13.6;
				LD_RUNPATH_SEARCH_PATHS = (
					"$(inherited)",
					"@executable_path/Frameworks",
					"@loader_path/Frameworks",
				);
				PRODUCT_BUNDLE_IDENTIFIER = limdan7.FamilyDiaryTests;
				PRODUCT_NAME = "$(TARGET_NAME)";
				SWIFT_VERSION = 5.0;
				TARGETED_DEVICE_FAMILY = "1,2";
				TEST_HOST = "$(BUILT_PRODUCTS_DIR)/FamilyDiary.app/FamilyDiary";
			};
			name = Debug;
		};
		C6A2FC982515CAA500132F4F /* Release */ = {
			isa = XCBuildConfiguration;
			buildSettings = {
				ALWAYS_EMBED_SWIFT_STANDARD_LIBRARIES = YES;
				BUNDLE_LOADER = "$(TEST_HOST)";
				CODE_SIGN_STYLE = Automatic;
				DEVELOPMENT_TEAM = 2N86B853KH;
				INFOPLIST_FILE = FamilyDiaryTests/Info.plist;
				IPHONEOS_DEPLOYMENT_TARGET = 13.6;
				LD_RUNPATH_SEARCH_PATHS = (
					"$(inherited)",
					"@executable_path/Frameworks",
					"@loader_path/Frameworks",
				);
				PRODUCT_BUNDLE_IDENTIFIER = limdan7.FamilyDiaryTests;
				PRODUCT_NAME = "$(TARGET_NAME)";
				SWIFT_VERSION = 5.0;
				TARGETED_DEVICE_FAMILY = "1,2";
				TEST_HOST = "$(BUILT_PRODUCTS_DIR)/FamilyDiary.app/FamilyDiary";
			};
			name = Release;
		};
		C6A2FC9A2515CAA500132F4F /* Debug */ = {
			isa = XCBuildConfiguration;
			buildSettings = {
				ALWAYS_EMBED_SWIFT_STANDARD_LIBRARIES = YES;
				CODE_SIGN_STYLE = Automatic;
				DEVELOPMENT_TEAM = 2N86B853KH;
				INFOPLIST_FILE = FamilyDiaryUITests/Info.plist;
				LD_RUNPATH_SEARCH_PATHS = (
					"$(inherited)",
					"@executable_path/Frameworks",
					"@loader_path/Frameworks",
				);
				PRODUCT_BUNDLE_IDENTIFIER = limdan7.FamilyDiaryUITests;
				PRODUCT_NAME = "$(TARGET_NAME)";
				SWIFT_VERSION = 5.0;
				TARGETED_DEVICE_FAMILY = "1,2";
				TEST_TARGET_NAME = FamilyDiary;
			};
			name = Debug;
		};
		C6A2FC9B2515CAA500132F4F /* Release */ = {
			isa = XCBuildConfiguration;
			buildSettings = {
				ALWAYS_EMBED_SWIFT_STANDARD_LIBRARIES = YES;
				CODE_SIGN_STYLE = Automatic;
				DEVELOPMENT_TEAM = 2N86B853KH;
				INFOPLIST_FILE = FamilyDiaryUITests/Info.plist;
				LD_RUNPATH_SEARCH_PATHS = (
					"$(inherited)",
					"@executable_path/Frameworks",
					"@loader_path/Frameworks",
				);
				PRODUCT_BUNDLE_IDENTIFIER = limdan7.FamilyDiaryUITests;
				PRODUCT_NAME = "$(TARGET_NAME)";
				SWIFT_VERSION = 5.0;
				TARGETED_DEVICE_FAMILY = "1,2";
				TEST_TARGET_NAME = FamilyDiary;
			};
			name = Release;
		};
/* End XCBuildConfiguration section */

/* Begin XCConfigurationList section */
		C6A2FC642515CAA400132F4F /* Build configuration list for PBXProject "FamilyDiary" */ = {
			isa = XCConfigurationList;
			buildConfigurations = (
				C6A2FC912515CAA500132F4F /* Debug */,
				C6A2FC922515CAA500132F4F /* Release */,
			);
			defaultConfigurationIsVisible = 0;
			defaultConfigurationName = Release;
		};
		C6A2FC932515CAA500132F4F /* Build configuration list for PBXNativeTarget "FamilyDiary" */ = {
			isa = XCConfigurationList;
			buildConfigurations = (
				C6A2FC942515CAA500132F4F /* Debug */,
				C6A2FC952515CAA500132F4F /* Release */,
			);
			defaultConfigurationIsVisible = 0;
			defaultConfigurationName = Release;
		};
		C6A2FC962515CAA500132F4F /* Build configuration list for PBXNativeTarget "FamilyDiaryTests" */ = {
			isa = XCConfigurationList;
			buildConfigurations = (
				C6A2FC972515CAA500132F4F /* Debug */,
				C6A2FC982515CAA500132F4F /* Release */,
			);
			defaultConfigurationIsVisible = 0;
			defaultConfigurationName = Release;
		};
		C6A2FC992515CAA500132F4F /* Build configuration list for PBXNativeTarget "FamilyDiaryUITests" */ = {
			isa = XCConfigurationList;
			buildConfigurations = (
				C6A2FC9A2515CAA500132F4F /* Debug */,
				C6A2FC9B2515CAA500132F4F /* Release */,
			);
			defaultConfigurationIsVisible = 0;
			defaultConfigurationName = Release;
		};
/* End XCConfigurationList section */
	};
	rootObject = C6A2FC612515CAA400132F4F /* Project object */;
}
