// !$*UTF8*$!
{
	archiveVersion = 1;
	classes = {
	};
	objectVersion = 50;
	objects = {

/* Begin PBXBuildFile section */
		EBA7DE57252963C600BE1A6E /* AppDelegate.swift in Sources */ = {isa = PBXBuildFile; fileRef = EBA7DE56252963C600BE1A6E /* AppDelegate.swift */; };
		EBA7DE59252963C600BE1A6E /* SceneDelegate.swift in Sources */ = {isa = PBXBuildFile; fileRef = EBA7DE58252963C600BE1A6E /* SceneDelegate.swift */; };
		EBA7DE5B252963C600BE1A6E /* ViewController.swift in Sources */ = {isa = PBXBuildFile; fileRef = EBA7DE5A252963C600BE1A6E /* ViewController.swift */; };
		EBA7DE5E252963C600BE1A6E /* Main.storyboard in Resources */ = {isa = PBXBuildFile; fileRef = EBA7DE5C252963C600BE1A6E /* Main.storyboard */; };
		EBA7DE60252963C700BE1A6E /* Assets.xcassets in Resources */ = {isa = PBXBuildFile; fileRef = EBA7DE5F252963C700BE1A6E /* Assets.xcassets */; };
		EBA7DE63252963C700BE1A6E /* LaunchScreen.storyboard in Resources */ = {isa = PBXBuildFile; fileRef = EBA7DE61252963C700BE1A6E /* LaunchScreen.storyboard */; };
		EBA7DE6E252963C700BE1A6E /* _01004ListPracticeUITests.swift in Sources */ = {isa = PBXBuildFile; fileRef = EBA7DE6D252963C700BE1A6E /* _01004ListPracticeUITests.swift */; };
/* End PBXBuildFile section */

/* Begin PBXContainerItemProxy section */
		EBA7DE6A252963C700BE1A6E /* PBXContainerItemProxy */ = {
			isa = PBXContainerItemProxy;
			containerPortal = EBA7DE4B252963C600BE1A6E /* Project object */;
			proxyType = 1;
			remoteGlobalIDString = EBA7DE52252963C600BE1A6E;
			remoteInfo = 201004ListPractice;
		};
/* End PBXContainerItemProxy section */

/* Begin PBXFileReference section */
		EBA7DE53252963C600BE1A6E /* 201004ListPractice.app */ = {isa = PBXFileReference; explicitFileType = wrapper.application; includeInIndex = 0; path = 201004ListPractice.app; sourceTree = BUILT_PRODUCTS_DIR; };
		EBA7DE56252963C600BE1A6E /* AppDelegate.swift */ = {isa = PBXFileReference; lastKnownFileType = sourcecode.swift; path = AppDelegate.swift; sourceTree = "<group>"; };
		EBA7DE58252963C600BE1A6E /* SceneDelegate.swift */ = {isa = PBXFileReference; lastKnownFileType = sourcecode.swift; path = SceneDelegate.swift; sourceTree = "<group>"; };
		EBA7DE5A252963C600BE1A6E /* ViewController.swift */ = {isa = PBXFileReference; lastKnownFileType = sourcecode.swift; path = ViewController.swift; sourceTree = "<group>"; };
		EBA7DE5D252963C600BE1A6E /* Base */ = {isa = PBXFileReference; lastKnownFileType = file.storyboard; name = Base; path = Base.lproj/Main.storyboard; sourceTree = "<group>"; };
		EBA7DE5F252963C700BE1A6E /* Assets.xcassets */ = {isa = PBXFileReference; lastKnownFileType = folder.assetcatalog; path = Assets.xcassets; sourceTree = "<group>"; };
		EBA7DE62252963C700BE1A6E /* Base */ = {isa = PBXFileReference; lastKnownFileType = file.storyboard; name = Base; path = Base.lproj/LaunchScreen.storyboard; sourceTree = "<group>"; };
		EBA7DE64252963C700BE1A6E /* Info.plist */ = {isa = PBXFileReference; lastKnownFileType = text.plist.xml; path = Info.plist; sourceTree = "<group>"; };
		EBA7DE69252963C700BE1A6E /* 201004ListPracticeUITests.xctest */ = {isa = PBXFileReference; explicitFileType = wrapper.cfbundle; includeInIndex = 0; path = 201004ListPracticeUITests.xctest; sourceTree = BUILT_PRODUCTS_DIR; };
		EBA7DE6D252963C700BE1A6E /* _01004ListPracticeUITests.swift */ = {isa = PBXFileReference; lastKnownFileType = sourcecode.swift; path = _01004ListPracticeUITests.swift; sourceTree = "<group>"; };
		EBA7DE6F252963C700BE1A6E /* Info.plist */ = {isa = PBXFileReference; lastKnownFileType = text.plist.xml; path = Info.plist; sourceTree = "<group>"; };
/* End PBXFileReference section */

/* Begin PBXFrameworksBuildPhase section */
		EBA7DE50252963C600BE1A6E /* Frameworks */ = {
			isa = PBXFrameworksBuildPhase;
			buildActionMask = 2147483647;
			files = (
			);
			runOnlyForDeploymentPostprocessing = 0;
		};
		EBA7DE66252963C700BE1A6E /* Frameworks */ = {
			isa = PBXFrameworksBuildPhase;
			buildActionMask = 2147483647;
			files = (
			);
			runOnlyForDeploymentPostprocessing = 0;
		};
/* End PBXFrameworksBuildPhase section */

/* Begin PBXGroup section */
		EBA7DE4A252963C600BE1A6E = {
			isa = PBXGroup;
			children = (
				EBA7DE55252963C600BE1A6E /* 201004ListPractice */,
				EBA7DE6C252963C700BE1A6E /* 201004ListPracticeUITests */,
				EBA7DE54252963C600BE1A6E /* Products */,
			);
			sourceTree = "<group>";
		};
		EBA7DE54252963C600BE1A6E /* Products */ = {
			isa = PBXGroup;
			children = (
				EBA7DE53252963C600BE1A6E /* 201004ListPractice.app */,
				EBA7DE69252963C700BE1A6E /* 201004ListPracticeUITests.xctest */,
			);
			name = Products;
			sourceTree = "<group>";
		};
		EBA7DE55252963C600BE1A6E /* 201004ListPractice */ = {
			isa = PBXGroup;
			children = (
				EBA7DE56252963C600BE1A6E /* AppDelegate.swift */,
				EBA7DE58252963C600BE1A6E /* SceneDelegate.swift */,
				EBA7DE5A252963C600BE1A6E /* ViewController.swift */,
				EBA7DE5C252963C600BE1A6E /* Main.storyboard */,
				EBA7DE5F252963C700BE1A6E /* Assets.xcassets */,
				EBA7DE61252963C700BE1A6E /* LaunchScreen.storyboard */,
				EBA7DE64252963C700BE1A6E /* Info.plist */,
			);
			path = 201004ListPractice;
			sourceTree = "<group>";
		};
		EBA7DE6C252963C700BE1A6E /* 201004ListPracticeUITests */ = {
			isa = PBXGroup;
			children = (
				EBA7DE6D252963C700BE1A6E /* _01004ListPracticeUITests.swift */,
				EBA7DE6F252963C700BE1A6E /* Info.plist */,
			);
			path = 201004ListPracticeUITests;
			sourceTree = "<group>";
		};
/* End PBXGroup section */

/* Begin PBXNativeTarget section */
		EBA7DE52252963C600BE1A6E /* 201004ListPractice */ = {
			isa = PBXNativeTarget;
			buildConfigurationList = EBA7DE72252963C700BE1A6E /* Build configuration list for PBXNativeTarget "201004ListPractice" */;
			buildPhases = (
				EBA7DE4F252963C600BE1A6E /* Sources */,
				EBA7DE50252963C600BE1A6E /* Frameworks */,
				EBA7DE51252963C600BE1A6E /* Resources */,
			);
			buildRules = (
			);
			dependencies = (
			);
			name = 201004ListPractice;
			productName = 201004ListPractice;
			productReference = EBA7DE53252963C600BE1A6E /* 201004ListPractice.app */;
			productType = "com.apple.product-type.application";
		};
		EBA7DE68252963C700BE1A6E /* 201004ListPracticeUITests */ = {
			isa = PBXNativeTarget;
			buildConfigurationList = EBA7DE75252963C700BE1A6E /* Build configuration list for PBXNativeTarget "201004ListPracticeUITests" */;
			buildPhases = (
				EBA7DE65252963C700BE1A6E /* Sources */,
				EBA7DE66252963C700BE1A6E /* Frameworks */,
				EBA7DE67252963C700BE1A6E /* Resources */,
			);
			buildRules = (
			);
			dependencies = (
				EBA7DE6B252963C700BE1A6E /* PBXTargetDependency */,
			);
			name = 201004ListPracticeUITests;
			productName = 201004ListPracticeUITests;
			productReference = EBA7DE69252963C700BE1A6E /* 201004ListPracticeUITests.xctest */;
			productType = "com.apple.product-type.bundle.ui-testing";
		};
/* End PBXNativeTarget section */

/* Begin PBXProject section */
		EBA7DE4B252963C600BE1A6E /* Project object */ = {
			isa = PBXProject;
			attributes = {
				LastSwiftUpdateCheck = 1160;
				LastUpgradeCheck = 1160;
				ORGANIZATIONNAME = "Daniel Lim";
				TargetAttributes = {
					EBA7DE52252963C600BE1A6E = {
						CreatedOnToolsVersion = 11.6;
					};
					EBA7DE68252963C700BE1A6E = {
						CreatedOnToolsVersion = 11.6;
						TestTargetID = EBA7DE52252963C600BE1A6E;
					};
				};
			};
			buildConfigurationList = EBA7DE4E252963C600BE1A6E /* Build configuration list for PBXProject "201004ListPractice" */;
			compatibilityVersion = "Xcode 9.3";
			developmentRegion = en;
			hasScannedForEncodings = 0;
			knownRegions = (
				en,
				Base,
			);
			mainGroup = EBA7DE4A252963C600BE1A6E;
			productRefGroup = EBA7DE54252963C600BE1A6E /* Products */;
			projectDirPath = "";
			projectRoot = "";
			targets = (
				EBA7DE52252963C600BE1A6E /* 201004ListPractice */,
				EBA7DE68252963C700BE1A6E /* 201004ListPracticeUITests */,
			);
		};
/* End PBXProject section */

/* Begin PBXResourcesBuildPhase section */
		EBA7DE51252963C600BE1A6E /* Resources */ = {
			isa = PBXResourcesBuildPhase;
			buildActionMask = 2147483647;
			files = (
				EBA7DE63252963C700BE1A6E /* LaunchScreen.storyboard in Resources */,
				EBA7DE60252963C700BE1A6E /* Assets.xcassets in Resources */,
				EBA7DE5E252963C600BE1A6E /* Main.storyboard in Resources */,
			);
			runOnlyForDeploymentPostprocessing = 0;
		};
		EBA7DE67252963C700BE1A6E /* Resources */ = {
			isa = PBXResourcesBuildPhase;
			buildActionMask = 2147483647;
			files = (
			);
			runOnlyForDeploymentPostprocessing = 0;
		};
/* End PBXResourcesBuildPhase section */

/* Begin PBXSourcesBuildPhase section */
		EBA7DE4F252963C600BE1A6E /* Sources */ = {
			isa = PBXSourcesBuildPhase;
			buildActionMask = 2147483647;
			files = (
				EBA7DE5B252963C600BE1A6E /* ViewController.swift in Sources */,
				EBA7DE57252963C600BE1A6E /* AppDelegate.swift in Sources */,
				EBA7DE59252963C600BE1A6E /* SceneDelegate.swift in Sources */,
			);
			runOnlyForDeploymentPostprocessing = 0;
		};
		EBA7DE65252963C700BE1A6E /* Sources */ = {
			isa = PBXSourcesBuildPhase;
			buildActionMask = 2147483647;
			files = (
				EBA7DE6E252963C700BE1A6E /* _01004ListPracticeUITests.swift in Sources */,
			);
			runOnlyForDeploymentPostprocessing = 0;
		};
/* End PBXSourcesBuildPhase section */

/* Begin PBXTargetDependency section */
		EBA7DE6B252963C700BE1A6E /* PBXTargetDependency */ = {
			isa = PBXTargetDependency;
			target = EBA7DE52252963C600BE1A6E /* 201004ListPractice */;
			targetProxy = EBA7DE6A252963C700BE1A6E /* PBXContainerItemProxy */;
		};
/* End PBXTargetDependency section */

/* Begin PBXVariantGroup section */
		EBA7DE5C252963C600BE1A6E /* Main.storyboard */ = {
			isa = PBXVariantGroup;
			children = (
				EBA7DE5D252963C600BE1A6E /* Base */,
			);
			name = Main.storyboard;
			sourceTree = "<group>";
		};
		EBA7DE61252963C700BE1A6E /* LaunchScreen.storyboard */ = {
			isa = PBXVariantGroup;
			children = (
				EBA7DE62252963C700BE1A6E /* Base */,
			);
			name = LaunchScreen.storyboard;
			sourceTree = "<group>";
		};
/* End PBXVariantGroup section */

/* Begin XCBuildConfiguration section */
		EBA7DE70252963C700BE1A6E /* Debug */ = {
			isa = XCBuildConfiguration;
			buildSettings = {
				ALWAYS_SEARCH_USER_PATHS = NO;
				CLANG_ANALYZER_NONNULL = YES;
				CLANG_ANALYZER_NUMBER_OBJECT_CONVERSION = YES_AGGRESSIVE;
				CLANG_CXX_LANGUAGE_STANDARD = "gnu++14";
				CLANG_CXX_LIBRARY = "libc++";
				CLANG_ENABLE_MODULES = YES;
				CLANG_ENABLE_OBJC_ARC = YES;
				CLANG_ENABLE_OBJC_WEAK = YES;
				CLANG_WARN_BLOCK_CAPTURE_AUTORELEASING = YES;
				CLANG_WARN_BOOL_CONVERSION = YES;
				CLANG_WARN_COMMA = YES;
				CLANG_WARN_CONSTANT_CONVERSION = YES;
				CLANG_WARN_DEPRECATED_OBJC_IMPLEMENTATIONS = YES;
				CLANG_WARN_DIRECT_OBJC_ISA_USAGE = YES_ERROR;
				CLANG_WARN_DOCUMENTATION_COMMENTS = YES;
				CLANG_WARN_EMPTY_BODY = YES;
				CLANG_WARN_ENUM_CONVERSION = YES;
				CLANG_WARN_INFINITE_RECURSION = YES;
				CLANG_WARN_INT_CONVERSION = YES;
				CLANG_WARN_NON_LITERAL_NULL_CONVERSION = YES;
				CLANG_WARN_OBJC_IMPLICIT_RETAIN_SELF = YES;
				CLANG_WARN_OBJC_LITERAL_CONVERSION = YES;
				CLANG_WARN_OBJC_ROOT_CLASS = YES_ERROR;
				CLANG_WARN_RANGE_LOOP_ANALYSIS = YES;
				CLANG_WARN_STRICT_PROTOTYPES = YES;
				CLANG_WARN_SUSPICIOUS_MOVE = YES;
				CLANG_WARN_UNGUARDED_AVAILABILITY = YES_AGGRESSIVE;
				CLANG_WARN_UNREACHABLE_CODE = YES;
				CLANG_WARN__DUPLICATE_METHOD_MATCH = YES;
				COPY_PHASE_STRIP = NO;
				DEBUG_INFORMATION_FORMAT = dwarf;
				ENABLE_STRICT_OBJC_MSGSEND = YES;
				ENABLE_TESTABILITY = YES;
				GCC_C_LANGUAGE_STANDARD = gnu11;
				GCC_DYNAMIC_NO_PIC = NO;
				GCC_NO_COMMON_BLOCKS = YES;
				GCC_OPTIMIZATION_LEVEL = 0;
				GCC_PREPROCESSOR_DEFINITIONS = (
					"DEBUG=1",
					"$(inherited)",
				);
				GCC_WARN_64_TO_32_BIT_CONVERSION = YES;
				GCC_WARN_ABOUT_RETURN_TYPE = YES_ERROR;
				GCC_WARN_UNDECLARED_SELECTOR = YES;
				GCC_WARN_UNINITIALIZED_AUTOS = YES_AGGRESSIVE;
				GCC_WARN_UNUSED_FUNCTION = YES;
				GCC_WARN_UNUSED_VARIABLE = YES;
				IPHONEOS_DEPLOYMENT_TARGET = 13.6;
				MTL_ENABLE_DEBUG_INFO = INCLUDE_SOURCE;
				MTL_FAST_MATH = YES;
				ONLY_ACTIVE_ARCH = YES;
				SDKROOT = iphoneos;
				SWIFT_ACTIVE_COMPILATION_CONDITIONS = DEBUG;
				SWIFT_OPTIMIZATION_LEVEL = "-Onone";
			};
			name = Debug;
		};
		EBA7DE71252963C700BE1A6E /* Release */ = {
			isa = XCBuildConfiguration;
			buildSettings = {
				ALWAYS_SEARCH_USER_PATHS = NO;
				CLANG_ANALYZER_NONNULL = YES;
				CLANG_ANALYZER_NUMBER_OBJECT_CONVERSION = YES_AGGRESSIVE;
				CLANG_CXX_LANGUAGE_STANDARD = "gnu++14";
				CLANG_CXX_LIBRARY = "libc++";
				CLANG_ENABLE_MODULES = YES;
				CLANG_ENABLE_OBJC_ARC = YES;
				CLANG_ENABLE_OBJC_WEAK = YES;
				CLANG_WARN_BLOCK_CAPTURE_AUTORELEASING = YES;
				CLANG_WARN_BOOL_CONVERSION = YES;
				CLANG_WARN_COMMA = YES;
				CLANG_WARN_CONSTANT_CONVERSION = YES;
				CLANG_WARN_DEPRECATED_OBJC_IMPLEMENTATIONS = YES;
				CLANG_WARN_DIRECT_OBJC_ISA_USAGE = YES_ERROR;
				CLANG_WARN_DOCUMENTATION_COMMENTS = YES;
				CLANG_WARN_EMPTY_BODY = YES;
				CLANG_WARN_ENUM_CONVERSION = YES;
				CLANG_WARN_INFINITE_RECURSION = YES;
				CLANG_WARN_INT_CONVERSION = YES;
				CLANG_WARN_NON_LITERAL_NULL_CONVERSION = YES;
				CLANG_WARN_OBJC_IMPLICIT_RETAIN_SELF = YES;
				CLANG_WARN_OBJC_LITERAL_CONVERSION = YES;
				CLANG_WARN_OBJC_ROOT_CLASS = YES_ERROR;
				CLANG_WARN_RANGE_LOOP_ANALYSIS = YES;
				CLANG_WARN_STRICT_PROTOTYPES = YES;
				CLANG_WARN_SUSPICIOUS_MOVE = YES;
				CLANG_WARN_UNGUARDED_AVAILABILITY = YES_AGGRESSIVE;
				CLANG_WARN_UNREACHABLE_CODE = YES;
				CLANG_WARN__DUPLICATE_METHOD_MATCH = YES;
				COPY_PHASE_STRIP = NO;
				DEBUG_INFORMATION_FORMAT = "dwarf-with-dsym";
				ENABLE_NS_ASSERTIONS = NO;
				ENABLE_STRICT_OBJC_MSGSEND = YES;
				GCC_C_LANGUAGE_STANDARD = gnu11;
				GCC_NO_COMMON_BLOCKS = YES;
				GCC_WARN_64_TO_32_BIT_CONVERSION = YES;
				GCC_WARN_ABOUT_RETURN_TYPE = YES_ERROR;
				GCC_WARN_UNDECLARED_SELECTOR = YES;
				GCC_WARN_UNINITIALIZED_AUTOS = YES_AGGRESSIVE;
				GCC_WARN_UNUSED_FUNCTION = YES;
				GCC_WARN_UNUSED_VARIABLE = YES;
				IPHONEOS_DEPLOYMENT_TARGET = 13.6;
				MTL_ENABLE_DEBUG_INFO = NO;
				MTL_FAST_MATH = YES;
				SDKROOT = iphoneos;
				SWIFT_COMPILATION_MODE = wholemodule;
				SWIFT_OPTIMIZATION_LEVEL = "-O";
				VALIDATE_PRODUCT = YES;
			};
			name = Release;
		};
		EBA7DE73252963C700BE1A6E /* Debug */ = {
			isa = XCBuildConfiguration;
			buildSettings = {
				ASSETCATALOG_COMPILER_APPICON_NAME = AppIcon;
				CODE_SIGN_STYLE = Automatic;
				DEVELOPMENT_TEAM = 2N86B853KH;
				INFOPLIST_FILE = 201004ListPractice/Info.plist;
				LD_RUNPATH_SEARCH_PATHS = (
					"$(inherited)",
					"@executable_path/Frameworks",
				);
				PRODUCT_BUNDLE_IDENTIFIER = "leinadworks.-01004ListPractice";
				PRODUCT_NAME = "$(TARGET_NAME)";
				SWIFT_VERSION = 5.0;
				TARGETED_DEVICE_FAMILY = "1,2";
			};
			name = Debug;
		};
		EBA7DE74252963C700BE1A6E /* Release */ = {
			isa = XCBuildConfiguration;
			buildSettings = {
				ASSETCATALOG_COMPILER_APPICON_NAME = AppIcon;
				CODE_SIGN_STYLE = Automatic;
				DEVELOPMENT_TEAM = 2N86B853KH;
				INFOPLIST_FILE = 201004ListPractice/Info.plist;
				LD_RUNPATH_SEARCH_PATHS = (
					"$(inherited)",
					"@executable_path/Frameworks",
				);
				PRODUCT_BUNDLE_IDENTIFIER = "leinadworks.-01004ListPractice";
				PRODUCT_NAME = "$(TARGET_NAME)";
				SWIFT_VERSION = 5.0;
				TARGETED_DEVICE_FAMILY = "1,2";
			};
			name = Release;
		};
		EBA7DE76252963C700BE1A6E /* Debug */ = {
			isa = XCBuildConfiguration;
			buildSettings = {
				ALWAYS_EMBED_SWIFT_STANDARD_LIBRARIES = YES;
				CODE_SIGN_STYLE = Automatic;
				DEVELOPMENT_TEAM = 2N86B853KH;
				INFOPLIST_FILE = 201004ListPracticeUITests/Info.plist;
				LD_RUNPATH_SEARCH_PATHS = (
					"$(inherited)",
					"@executable_path/Frameworks",
					"@loader_path/Frameworks",
				);
				PRODUCT_BUNDLE_IDENTIFIER = "leinadworks.-01004ListPracticeUITests";
				PRODUCT_NAME = "$(TARGET_NAME)";
				SWIFT_VERSION = 5.0;
				TARGETED_DEVICE_FAMILY = "1,2";
				TEST_TARGET_NAME = 201004ListPractice;
			};
			name = Debug;
		};
		EBA7DE77252963C700BE1A6E /* Release */ = {
			isa = XCBuildConfiguration;
			buildSettings = {
				ALWAYS_EMBED_SWIFT_STANDARD_LIBRARIES = YES;
				CODE_SIGN_STYLE = Automatic;
				DEVELOPMENT_TEAM = 2N86B853KH;
				INFOPLIST_FILE = 201004ListPracticeUITests/Info.plist;
				LD_RUNPATH_SEARCH_PATHS = (
					"$(inherited)",
					"@executable_path/Frameworks",
					"@loader_path/Frameworks",
				);
				PRODUCT_BUNDLE_IDENTIFIER = "leinadworks.-01004ListPracticeUITests";
				PRODUCT_NAME = "$(TARGET_NAME)";
				SWIFT_VERSION = 5.0;
				TARGETED_DEVICE_FAMILY = "1,2";
				TEST_TARGET_NAME = 201004ListPractice;
			};
			name = Release;
		};
/* End XCBuildConfiguration section */

/* Begin XCConfigurationList section */
		EBA7DE4E252963C600BE1A6E /* Build configuration list for PBXProject "201004ListPractice" */ = {
			isa = XCConfigurationList;
			buildConfigurations = (
				EBA7DE70252963C700BE1A6E /* Debug */,
				EBA7DE71252963C700BE1A6E /* Release */,
			);
			defaultConfigurationIsVisible = 0;
			defaultConfigurationName = Release;
		};
		EBA7DE72252963C700BE1A6E /* Build configuration list for PBXNativeTarget "201004ListPractice" */ = {
			isa = XCConfigurationList;
			buildConfigurations = (
				EBA7DE73252963C700BE1A6E /* Debug */,
				EBA7DE74252963C700BE1A6E /* Release */,
			);
			defaultConfigurationIsVisible = 0;
			defaultConfigurationName = Release;
		};
		EBA7DE75252963C700BE1A6E /* Build configuration list for PBXNativeTarget "201004ListPracticeUITests" */ = {
			isa = XCConfigurationList;
			buildConfigurations = (
				EBA7DE76252963C700BE1A6E /* Debug */,
				EBA7DE77252963C700BE1A6E /* Release */,
			);
			defaultConfigurationIsVisible = 0;
			defaultConfigurationName = Release;
		};
/* End XCConfigurationList section */
	};
	rootObject = EBA7DE4B252963C600BE1A6E /* Project object */;
}
